
Microsoft Visual Studio Solution File, Format Version 12.00
# Visual Studio Version 17
VisualStudioVersion = 17.5.33627.172
MinimumVisualStudioVersion = 10.0.40219.1
Project("{9A19103F-16F7-4668-BE54-9A1E7A4F7556}") = "VPNCenter.OpenVPN.PackageConfig", "VPNCenter.OpenVPN.PackageConfig\VPNCenter.OpenVPN.PackageConfig.csproj", "{F4081F12-A3AF-45A5-B55F-0B3E885E918A}"
EndProject
Global
	GlobalSection(SolutionConfigurationPlatforms) = preSolution
		Debug|Any CPU = Debug|Any CPU
		Release|Any CPU = Release|Any CPU
	EndGlobalSection
	GlobalSection(ProjectConfigurationPlatforms) = postSolution
		{F4081F12-A3AF-45A5-B55F-0B3E885E918A}.Debug|Any CPU.ActiveCfg = Debug|Any CPU
		{F4081F12-A3AF-45A5-B55F-0B3E885E918A}.Debug|Any CPU.Build.0 = Debug|Any CPU
		{F4081F12-A3AF-45A5-B55F-0B3E885E918A}.Release|Any CPU.ActiveCfg = Release|Any CPU
		{F4081F12-A3AF-45A5-B55F-0B3E885E918A}.Release|Any CPU.Build.0 = Release|Any CPU
	EndGlobalSection
	GlobalSection(SolutionProperties) = preSolution
		HideSolutionNode = FALSE
	EndGlobalSection
	GlobalSection(ExtensibilityGlobals) = postSolution
		SolutionGuid = {320C7D99-B9BD-4622-8EC5-3BBD0B0E0D20}
	EndGlobalSection
	GlobalSection(SharedMSBuildProjectFiles) = preSolution
		..\DiskStationManager.SecureShell\source\DiskStationManager.SecureShell\DiskStationManager.SecureShell.projitems*{f4081f12-a3af-45a5-b55f-0b3e885e918a}*SharedItemsImports = 5
		..\DiskStationManager.SecureShell\source\Extensions\Extensions.projitems*{f4081f12-a3af-45a5-b55f-0b3e885e918a}*SharedItemsImports = 5
	EndGlobalSection
EndGlobal
